
Microsoft Visual Studio Solution File, Format Version 12.00
# Visual Studio Version 17
VisualStudioVersion = 17.3.32901.215
MinimumVisualStudioVersion = 10.0.40219.1
Project("{FAE04EC0-301F-11D3-BF4B-00C04F79EFBC}") = "Delfos.Android", "Delfos\Delfos.Android\Delfos.Android.csproj", "{10DF990D-7711-498D-9D7D-3C7F56018388}"
EndProject
Project("{FAE04EC0-301F-11D3-BF4B-00C04F79EFBC}") = "Delfos.iOS", "Delfos\Delfos.iOS\Delfos.iOS.csproj", "{F286910B-EF39-4D60-B025-16FEAEDC483E}"
EndProject
Project("{FAE04EC0-301F-11D3-BF4B-00C04F79EFBC}") = "Delfos", "Delfos\Delfos\Delfos.csproj", "{99F4B9F1-0EE6-4250-9E07-BDCE4AFF150E}"
EndProject
Global
	GlobalSection(SolutionConfigurationPlatforms) = preSolution
		Debug|Any CPU = Debug|Any CPU
		Debug|iPhone = Debug|iPhone
		Debug|iPhoneSimulator = Debug|iPhoneSimulator
		Release|Any CPU = Release|Any CPU
		Release|iPhone = Release|iPhone
		Release|iPhoneSimulator = Release|iPhoneSimulator
	EndGlobalSection
	GlobalSection(ProjectConfigurationPlatforms) = postSolution
		{10DF990D-7711-498D-9D7D-3C7F56018388}.Debug|Any CPU.ActiveCfg = Debug|Any CPU
		{10DF990D-7711-498D-9D7D-3C7F56018388}.Debug|Any CPU.Build.0 = Debug|Any CPU
		{10DF990D-7711-498D-9D7D-3C7F56018388}.Debug|Any CPU.Deploy.0 = Debug|Any CPU
		{10DF990D-7711-498D-9D7D-3C7F56018388}.Debug|iPhone.ActiveCfg = Debug|Any CPU
		{10DF990D-7711-498D-9D7D-3C7F56018388}.Debug|iPhone.Build.0 = Debug|Any CPU
		{10DF990D-7711-498D-9D7D-3C7F56018388}.Debug|iPhone.Deploy.0 = Debug|Any CPU
		{10DF990D-7711-498D-9D7D-3C7F56018388}.Debug|iPhoneSimulator.ActiveCfg = Debug|Any CPU
		{10DF990D-7711-498D-9D7D-3C7F56018388}.Debug|iPhoneSimulator.Build.0 = Debug|Any CPU
		{10DF990D-7711-498D-9D7D-3C7F56018388}.Debug|iPhoneSimulator.Deploy.0 = Debug|Any CPU
		{10DF990D-7711-498D-9D7D-3C7F56018388}.Release|Any CPU.ActiveCfg = Release|Any CPU
		{10DF990D-7711-498D-9D7D-3C7F56018388}.Release|Any CPU.Build.0 = Release|Any CPU
		{10DF990D-7711-498D-9D7D-3C7F56018388}.Release|Any CPU.Deploy.0 = Release|Any CPU
		{10DF990D-7711-498D-9D7D-3C7F56018388}.Release|iPhone.ActiveCfg = Release|Any CPU
		{10DF990D-7711-498D-9D7D-3C7F56018388}.Release|iPhone.Build.0 = Release|Any CPU
		{10DF990D-7711-498D-9D7D-3C7F56018388}.Release|iPhone.Deploy.0 = Release|Any CPU
		{10DF990D-7711-498D-9D7D-3C7F56018388}.Release|iPhoneSimulator.ActiveCfg = Release|Any CPU
		{10DF990D-7711-498D-9D7D-3C7F56018388}.Release|iPhoneSimulator.Build.0 = Release|Any CPU
		{10DF990D-7711-498D-9D7D-3C7F56018388}.Release|iPhoneSimulator.Deploy.0 = Release|Any CPU
		{F286910B-EF39-4D60-B025-16FEAEDC483E}.Debug|Any CPU.ActiveCfg = Debug|iPhone
		{F286910B-EF39-4D60-B025-16FEAEDC483E}.Debug|Any CPU.Build.0 = Debug|iPhone
		{F286910B-EF39-4D60-B025-16FEAEDC483E}.Debug|Any CPU.Deploy.0 = Debug|iPhone
		{F286910B-EF39-4D60-B025-16FEAEDC483E}.Debug|iPhone.ActiveCfg = Debug|iPhone
		{F286910B-EF39-4D60-B025-16FEAEDC483E}.Debug|iPhone.Build.0 = Debug|iPhone
		{F286910B-EF39-4D60-B025-16FEAEDC483E}.Debug|iPhone.Deploy.0 = Debug|iPhone
		{F286910B-EF39-4D60-B025-16FEAEDC483E}.Debug|iPhoneSimulator.ActiveCfg = Debug|iPhoneSimulator
		{F286910B-EF39-4D60-B025-16FEAEDC483E}.Debug|iPhoneSimulator.Build.0 = Debug|iPhoneSimulator
		{F286910B-EF39-4D60-B025-16FEAEDC483E}.Debug|iPhoneSimulator.Deploy.0 = Debug|iPhoneSimulator
		{F286910B-EF39-4D60-B025-16FEAEDC483E}.Release|Any CPU.ActiveCfg = Release|iPhoneSimulator
		{F286910B-EF39-4D60-B025-16FEAEDC483E}.Release|Any CPU.Build.0 = Release|iPhoneSimulator
		{F286910B-EF39-4D60-B025-16FEAEDC483E}.Release|Any CPU.Deploy.0 = Release|iPhoneSimulator
		{F286910B-EF39-4D60-B025-16FEAEDC483E}.Release|iPhone.ActiveCfg = Release|iPhone
		{F286910B-EF39-4D60-B025-16FEAEDC483E}.Release|iPhone.Build.0 = Release|iPhone
		{F286910B-EF39-4D60-B025-16FEAEDC483E}.Release|iPhone.Deploy.0 = Release|iPhone
		{F286910B-EF39-4D60-B025-16FEAEDC483E}.Release|iPhoneSimulator.ActiveCfg = Release|iPhoneSimulator
		{F286910B-EF39-4D60-B025-16FEAEDC483E}.Release|iPhoneSimulator.Build.0 = Release|iPhoneSimulator
		{F286910B-EF39-4D60-B025-16FEAEDC483E}.Release|iPhoneSimulator.Deploy.0 = Release|iPhoneSimulator
		{99F4B9F1-0EE6-4250-9E07-BDCE4AFF150E}.Debug|Any CPU.ActiveCfg = Debug|Any CPU
		{99F4B9F1-0EE6-4250-9E07-BDCE4AFF150E}.Debug|Any CPU.Build.0 = Debug|Any CPU
		{99F4B9F1-0EE6-4250-9E07-BDCE4AFF150E}.Debug|Any CPU.Deploy.0 = Debug|Any CPU
		{99F4B9F1-0EE6-4250-9E07-BDCE4AFF150E}.Debug|iPhone.ActiveCfg = Debug|Any CPU
		{99F4B9F1-0EE6-4250-9E07-BDCE4AFF150E}.Debug|iPhone.Build.0 = Debug|Any CPU
		{99F4B9F1-0EE6-4250-9E07-BDCE4AFF150E}.Debug|iPhone.Deploy.0 = Debug|Any CPU
		{99F4B9F1-0EE6-4250-9E07-BDCE4AFF150E}.Debug|iPhoneSimulator.ActiveCfg = Debug|Any CPU
		{99F4B9F1-0EE6-4250-9E07-BDCE4AFF150E}.Debug|iPhoneSimulator.Build.0 = Debug|Any CPU
		{99F4B9F1-0EE6-4250-9E07-BDCE4AFF150E}.Debug|iPhoneSimulator.Deploy.0 = Debug|Any CPU
		{99F4B9F1-0EE6-4250-9E07-BDCE4AFF150E}.Release|Any CPU.ActiveCfg = Release|Any CPU
		{99F4B9F1-0EE6-4250-9E07-BDCE4AFF150E}.Release|Any CPU.Build.0 = Release|Any CPU
		{99F4B9F1-0EE6-4250-9E07-BDCE4AFF150E}.Release|Any CPU.Deploy.0 = Release|Any CPU
		{99F4B9F1-0EE6-4250-9E07-BDCE4AFF150E}.Release|iPhone.ActiveCfg = Release|Any CPU
		{99F4B9F1-0EE6-4250-9E07-BDCE4AFF150E}.Release|iPhone.Build.0 = Release|Any CPU
		{99F4B9F1-0EE6-4250-9E07-BDCE4AFF150E}.Release|iPhone.Deploy.0 = Release|Any CPU
		{99F4B9F1-0EE6-4250-9E07-BDCE4AFF150E}.Release|iPhoneSimulator.ActiveCfg = Release|Any CPU
		{99F4B9F1-0EE6-4250-9E07-BDCE4AFF150E}.Release|iPhoneSimulator.Build.0 = Release|Any CPU
		{99F4B9F1-0EE6-4250-9E07-BDCE4AFF150E}.Release|iPhoneSimulator.Deploy.0 = Release|Any CPU
	EndGlobalSection
	GlobalSection(SolutionProperties) = preSolution
		HideSolutionNode = FALSE
	EndGlobalSection
	GlobalSection(ExtensibilityGlobals) = postSolution
		SolutionGuid = {890BAB77-6077-41C9-A6AC-2C5827DDA05B}
	EndGlobalSection
EndGlobal
